{
  "name": "server",
  "version": "0.1.0",
  "lockfileVersion": 1,
  "requires": true,
  "dependencies": {
    "archiver": {
      "version": "3.0.0",
      "resolved": "https://registry.npm.taobao.org/archiver/download/archiver-3.0.0.tgz",
      "dependencies": {
        "archiver-utils": {
          "version": "https://registry.npm.taobao.org/archiver-utils/download/archiver-utils-2.0.0.tgz"
        },
        "async": {
          "version": "https://registry.npm.taobao.org/async/download/async-2.6.2.tgz"
        },
        "buffer-crc32": {
          "version": "https://registry.npm.taobao.org/buffer-crc32/download/buffer-crc32-0.2.13.tgz"
        },
        "glob": {
          "version": "https://registry.npm.taobao.org/glob/download/glob-7.1.3.tgz",
          "dependencies": {
            "fs.realpath": {
              "version": "https://registry.npm.taobao.org/fs.realpath/download/fs.realpath-1.0.0.tgz",
              "bundled": true
            },
            "inflight": {
              "version": "https://registry.npm.taobao.org/inflight/download/inflight-1.0.6.tgz",
              "bundled": true
            },
            "inherits": {
              "version": "http://registry.npm.taobao.org/inherits/download/inherits-2.0.3.tgz",
              "bundled": true
            },
            "minimatch": {
              "version": "http://registry.npm.taobao.org/minimatch/download/minimatch-3.0.4.tgz",
              "bundled": true,
              "dependencies": {
                "brace-expansion": {
                  "version": "http://registry.npm.taobao.org/brace-expansion/download/brace-expansion-1.1.11.tgz"
                }
              }
            },
            "once": {
              "version": "https://registry.npm.taobao.org/once/download/once-1.4.0.tgz",
              "bundled": true,
              "dependencies": {
                "wrappy": {
                  "version": "https://registry.npm.taobao.org/wrappy/download/wrappy-1.0.2.tgz",
                  "bundled": true
                }
              }
            },
            "path-is-absolute": {
              "version": "http://registry.npm.taobao.org/path-is-absolute/download/path-is-absolute-1.0.1.tgz",
              "bundled": true
            }
          }
        },
        "readable-stream": {
          "version": "http://registry.npm.taobao.org/readable-stream/download/readable-stream-2.3.6.tgz?cache=0&other_urls=http%3A%2F%2Fregistry.npm.taobao.org%2Freadable-stream%2Fdownload%2Freadable-stream-2.3.6.tgz",
          "dependencies": {
            "core-util-is": {
              "version": "http://registry.npm.taobao.org/core-util-is/download/core-util-is-1.0.2.tgz"
            },
            "inherits": {
              "version": "http://registry.npm.taobao.org/inherits/download/inherits-2.0.3.tgz"
            },
            "isarray": {
              "version": "http://registry.npm.taobao.org/isarray/download/isarray-1.0.0.tgz"
            },
            "process-nextick-args": {
              "version": "http://registry.npm.taobao.org/process-nextick-args/download/process-nextick-args-2.0.0.tgz"
            },
            "safe-buffer": {
              "version": "http://registry.npm.taobao.org/safe-buffer/download/safe-buffer-5.1.2.tgz"
            },
            "string_decoder": {
              "version": "http://registry.npm.taobao.org/string_decoder/download/string_decoder-1.1.1.tgz"
            },
            "util-deprecate": {
              "version": "http://registry.npm.taobao.org/util-deprecate/download/util-deprecate-1.0.2.tgz"
            }
          }
        },
        "tar-stream": {
          "version": "https://registry.npm.taobao.org/tar-stream/download/tar-stream-1.6.2.tgz"
        },
        "zip-stream": {
          "version": "https://registry.npm.taobao.org/zip-stream/download/zip-stream-2.0.1.tgz"
        }
      }
    },
    "debug": {
      "version": "2.6.9",
      "resolved": "http://registry.npm.taobao.org/debug/download/debug-2.6.9.tgz?cache=0&other_urls=http%3A%2F%2Fregistry.npm.taobao.org%2Fdebug%2Fdownload%2Fdebug-2.6.9.tgz",
      "dependencies": {
        "ms": {
          "version": "http://registry.npm.taobao.org/ms/download/ms-2.0.0.tgz"
        }
      }
    },
    "fluent-ffmpeg": {
      "version": "2.1.2",
      "resolved": "https://registry.npmjs.org/fluent-ffmpeg/-/fluent-ffmpeg-2.1.2.tgz",
      "integrity": "sha1-yVLeIkD4EuvaCqgAbXd27irPfXQ=",
      "requires": {
        "async": ">=0.2.9",
        "which": "^1.1.1"
      },
      "dependencies": {
        "async": {
          "version": "2.6.1",
          "resolved": "https://registry.npmjs.org/async/-/async-2.6.1.tgz",
          "integrity": "sha512-fNEiL2+AZt6AlAw/29Cr0UDe4sRAHCpEHh54WMz+Bb7QfNcFw4h3loofyJpLeQs4Yx7yuqu/2dLgM5hKOs6HlQ==",
          "requires": {
            "lodash": "^4.17.10"
          }
        },
        "lodash": {
          "version": "4.17.11",
          "resolved": "https://registry.npmjs.org/lodash/-/lodash-4.17.11.tgz",
          "integrity": "sha512-cQKh8igo5QUhZ7lg38DYWAxMvjSAKG0A8wGSVimP07SIUEK2UO+arSRKbRZWtelMtN5V0Hkwh5ryOto/SshYIg=="
        }
      }
    },
    "jsonwebtoken": {
      "version": "8.5.1",
      "resolved": "http://registry.npm.taobao.org/jsonwebtoken/download/jsonwebtoken-8.5.1.tgz?cache=0&other_urls=http%3A%2F%2Fregistry.npm.taobao.org%2Fjsonwebtoken%2Fdownload%2Fjsonwebtoken-8.5.1.tgz",
      "dependencies": {
        "jws": {
          "version": "http://registry.npm.taobao.org/jws/download/jws-3.2.2.tgz"
        },
        "lodash.includes": {
          "version": "http://registry.npm.taobao.org/lodash.includes/download/lodash.includes-4.3.0.tgz"
        },
        "lodash.isboolean": {
          "version": "http://registry.npm.taobao.org/lodash.isboolean/download/lodash.isboolean-3.0.3.tgz"
        },
        "lodash.isinteger": {
          "version": "http://registry.npm.taobao.org/lodash.isinteger/download/lodash.isinteger-4.0.4.tgz"
        },
        "lodash.isnumber": {
          "version": "http://registry.npm.taobao.org/lodash.isnumber/download/lodash.isnumber-3.0.3.tgz"
        },
        "lodash.isplainobject": {
          "version": "http://registry.npm.taobao.org/lodash.isplainobject/download/lodash.isplainobject-4.0.6.tgz"
        },
        "lodash.isstring": {
          "version": "http://registry.npm.taobao.org/lodash.isstring/download/lodash.isstring-4.0.1.tgz"
        },
        "lodash.once": {
          "version": "http://registry.npm.taobao.org/lodash.once/download/lodash.once-4.1.1.tgz"
        },
        "ms": {
          "version": "http://registry.npm.taobao.org/ms/download/ms-2.1.1.tgz"
        },
        "semver": {
          "version": "http://registry.npm.taobao.org/semver/download/semver-5.7.0.tgz"
        }
      }
    },
    "koa": {
      "version": "2.7.0",
      "resolved": "http://registry.npm.taobao.org/koa/download/koa-2.7.0.tgz",
      "requires": {
        "koa-convert": "^1.2.0"
      },
      "dependencies": {
        "accepts": {
          "version": "http://registry.npm.taobao.org/accepts/download/accepts-1.3.5.tgz"
        },
        "cache-content-type": {
          "version": "http://registry.npm.taobao.org/cache-content-type/download/cache-content-type-1.0.1.tgz",
          "dependencies": {
            "mime-types": {
              "version": "http://registry.npm.taobao.org/mime-types/download/mime-types-2.1.22.tgz",
              "bundled": true,
              "dependencies": {
                "mime-db": {
                  "version": "http://registry.npm.taobao.org/mime-db/download/mime-db-1.38.0.tgz",
                  "bundled": true
                }
              }
            },
            "ylru": {
              "version": "http://registry.npm.taobao.org/ylru/download/ylru-1.2.1.tgz",
              "bundled": true
            }
          }
        },
        "content-disposition": {
          "version": "http://registry.npm.taobao.org/content-disposition/download/content-disposition-0.5.3.tgz"
        },
        "content-type": {
          "version": "http://registry.npm.taobao.org/content-type/download/content-type-1.0.4.tgz"
        },
        "cookies": {
          "version": "http://registry.npm.taobao.org/cookies/download/cookies-0.7.3.tgz"
        },
        "debug": {
          "version": "http://registry.npm.taobao.org/debug/download/debug-3.1.0.tgz?cache=0&other_urls=http%3A%2F%2Fregistry.npm.taobao.org%2Fdebug%2Fdownload%2Fdebug-3.1.0.tgz"
        },
        "delegates": {
          "version": "http://registry.npm.taobao.org/delegates/download/delegates-1.0.0.tgz"
        },
        "depd": {
          "version": "http://registry.npm.taobao.org/depd/download/depd-1.1.2.tgz"
        },
        "destroy": {
          "version": "http://registry.npm.taobao.org/destroy/download/destroy-1.0.4.tgz"
        },
        "error-inject": {
          "version": "http://registry.npm.taobao.org/error-inject/download/error-inject-1.0.0.tgz"
        },
        "escape-html": {
          "version": "http://registry.npm.taobao.org/escape-html/download/escape-html-1.0.3.tgz"
        },
        "fresh": {
          "version": "http://registry.npm.taobao.org/fresh/download/fresh-0.5.2.tgz"
        },
        "http-assert": {
          "version": "http://registry.npm.taobao.org/http-assert/download/http-assert-1.4.0.tgz"
        },
        "http-errors": {
          "version": "http://registry.npm.taobao.org/http-errors/download/http-errors-1.7.2.tgz",
          "dependencies": {
            "depd": {
              "version": "http://registry.npm.taobao.org/depd/download/depd-1.1.2.tgz",
              "bundled": true
            },
            "inherits": {
              "version": "http://registry.npm.taobao.org/inherits/download/inherits-2.0.3.tgz",
              "bundled": true
            },
            "setprototypeof": {
              "version": "http://registry.npm.taobao.org/setprototypeof/download/setprototypeof-1.1.1.tgz",
              "bundled": true
            },
            "statuses": {
              "version": "http://registry.npm.taobao.org/statuses/download/statuses-1.5.0.tgz",
              "bundled": true
            },
            "toidentifier": {
              "version": "http://registry.npm.taobao.org/toidentifier/download/toidentifier-1.0.0.tgz",
              "bundled": true
            }
          }
        },
        "is-generator-function": {
          "version": "http://registry.npm.taobao.org/is-generator-function/download/is-generator-function-1.0.7.tgz"
        },
        "koa-compose": {
          "version": "http://registry.npm.taobao.org/koa-compose/download/koa-compose-4.1.0.tgz"
        },
        "koa-convert": {
          "version": "http://registry.npm.taobao.org/koa-convert/download/koa-convert-1.2.0.tgz"
        },
        "koa-is-json": {
          "version": "http://registry.npm.taobao.org/koa-is-json/download/koa-is-json-1.0.0.tgz"
        },
        "on-finished": {
          "version": "http://registry.npm.taobao.org/on-finished/download/on-finished-2.3.0.tgz"
        },
        "only": {
          "version": "http://registry.npm.taobao.org/only/download/only-0.0.2.tgz"
        },
        "parseurl": {
          "version": "http://registry.npm.taobao.org/parseurl/download/parseurl-1.3.2.tgz"
        },
        "statuses": {
          "version": "http://registry.npm.taobao.org/statuses/download/statuses-1.5.0.tgz"
        },
        "type-is": {
          "version": "http://registry.npm.taobao.org/type-is/download/type-is-1.6.16.tgz",
          "dependencies": {
            "media-typer": {
              "version": "http://registry.npm.taobao.org/media-typer/download/media-typer-0.3.0.tgz"
            },
            "mime-types": {
              "version": "http://registry.npm.taobao.org/mime-types/download/mime-types-2.1.22.tgz",
              "dependencies": {
                "mime-db": {
                  "version": "http://registry.npm.taobao.org/mime-db/download/mime-db-1.38.0.tgz",
                  "bundled": true
                }
              }
            }
          }
        },
        "vary": {
          "version": "http://registry.npm.taobao.org/vary/download/vary-1.1.2.tgz"
        }
      }
    },
    "koa-body": {
      "version": "4.1.0",
      "resolved": "http://registry.npm.taobao.org/koa-body/download/koa-body-4.1.0.tgz",
      "dependencies": {
        "@types/formidable": {
          "version": "http://registry.npm.taobao.org/@types/formidable/download/@types/formidable-1.0.31.tgz"
        },
        "co-body": {
          "version": "http://registry.npm.taobao.org/co-body/download/co-body-5.2.0.tgz",
          "dependencies": {
            "inflation": {
              "version": "http://registry.npm.taobao.org/inflation/download/inflation-2.0.0.tgz"
            },
            "qs": {
              "version": "http://registry.npm.taobao.org/qs/download/qs-6.7.0.tgz"
            },
            "raw-body": {
              "version": "http://registry.npm.taobao.org/raw-body/download/raw-body-2.4.0.tgz"
            },
            "type-is": {
              "version": "http://registry.npm.taobao.org/type-is/download/type-is-1.6.16.tgz",
              "dependencies": {
                "media-typer": {
                  "version": "http://registry.npm.taobao.org/media-typer/download/media-typer-0.3.0.tgz"
                },
                "mime-types": {
                  "version": "http://registry.npm.taobao.org/mime-types/download/mime-types-2.1.22.tgz",
                  "dependencies": {}
                }
              }
            }
          }
        },
        "formidable": {
          "version": "http://registry.npm.taobao.org/formidable/download/formidable-1.2.1.tgz"
        }
      }
    },
    "koa-bodyparser": {
      "version": "3.2.0",
      "resolved": "http://registry.npm.taobao.org/koa-bodyparser/download/koa-bodyparser-3.2.0.tgz"
    },
    "koa-convert": {
      "version": "1.2.0",
      "resolved": "http://registry.npm.taobao.org/koa-convert/download/koa-convert-1.2.0.tgz",
      "dependencies": {
        "co": {
          "version": "http://registry.npm.taobao.org/co/download/co-4.6.0.tgz",
          "bundled": true
        },
        "koa-compose": {
          "version": "http://registry.npm.taobao.org/koa-compose/download/koa-compose-3.2.1.tgz",
          "bundled": true
        }
      }
    },
    "koa-json": {
      "version": "2.0.2",
      "resolved": "http://registry.npm.taobao.org/koa-json/download/koa-json-2.0.2.tgz",
      "dependencies": {
        "koa-is-json": {
          "version": "http://registry.npm.taobao.org/koa-is-json/download/koa-is-json-1.0.0.tgz"
        },
        "streaming-json-stringify": {
          "version": "http://registry.npm.taobao.org/streaming-json-stringify/download/streaming-json-stringify-3.1.0.tgz"
        }
      }
    },
    "koa-logger": {
      "version": "2.0.1",
      "resolved": "http://registry.npm.taobao.org/koa-logger/download/koa-logger-2.0.1.tgz",
      "dependencies": {
        "bytes": {
          "version": "http://registry.npm.taobao.org/bytes/download/bytes-1.0.0.tgz"
        },
        "chalk": {
          "version": "http://registry.npm.taobao.org/chalk/download/chalk-1.1.3.tgz",
          "dependencies": {
            "ansi-styles": {
              "version": "http://registry.npm.taobao.org/ansi-styles/download/ansi-styles-2.2.1.tgz"
            },
            "escape-string-regexp": {
              "version": "http://registry.npm.taobao.org/escape-string-regexp/download/escape-string-regexp-1.0.5.tgz"
            },
            "has-ansi": {
              "version": "http://registry.npm.taobao.org/has-ansi/download/has-ansi-2.0.0.tgz"
            },
            "strip-ansi": {
              "version": "http://registry.npm.taobao.org/strip-ansi/download/strip-ansi-3.0.1.tgz"
            },
            "supports-color": {
              "version": "http://registry.npm.taobao.org/supports-color/download/supports-color-2.0.0.tgz"
            }
          }
        },
        "humanize-number": {
          "version": "http://registry.npm.taobao.org/humanize-number/download/humanize-number-0.0.2.tgz"
        },
        "passthrough-counter": {
          "version": "http://registry.npm.taobao.org/passthrough-counter/download/passthrough-counter-1.0.0.tgz"
        }
      }
    },
    "koa-multer": {
      "version": "1.0.2",
      "resolved": "http://registry.npm.taobao.org/koa-multer/download/koa-multer-1.0.2.tgz"
    },
    "koa-onerror": {
      "version": "1.3.1",
      "resolved": "http://registry.npm.taobao.org/koa-onerror/download/koa-onerror-1.3.1.tgz",
      "dependencies": {
        "copy-to": {
          "version": "http://registry.npm.taobao.org/copy-to/download/copy-to-2.0.1.tgz"
        },
        "swig": {
          "version": "http://registry.npm.taobao.org/swig/download/swig-1.4.2.tgz"
        }
      }
    },
    "koa-router": {
      "version": "7.4.0",
      "resolved": "http://registry.npm.taobao.org/koa-router/download/koa-router-7.4.0.tgz",
      "dependencies": {
        "debug": {
          "version": "http://registry.npm.taobao.org/debug/download/debug-3.2.6.tgz?cache=0&other_urls=http%3A%2F%2Fregistry.npm.taobao.org%2Fdebug%2Fdownload%2Fdebug-3.2.6.tgz",
          "dependencies": {
            "ms": {
              "version": "http://registry.npm.taobao.org/ms/download/ms-2.1.1.tgz"
            }
          }
        },
        "http-errors": {
          "version": "http://registry.npm.taobao.org/http-errors/download/http-errors-1.7.2.tgz"
        },
        "koa-compose": {
          "version": "http://registry.npm.taobao.org/koa-compose/download/koa-compose-3.2.1.tgz",
          "dependencies": {
            "any-promise": {
              "version": "http://registry.npm.taobao.org/any-promise/download/any-promise-1.3.0.tgz"
            }
          }
        },
        "methods": {
          "version": "http://registry.npm.taobao.org/methods/download/methods-1.1.2.tgz"
        },
        "path-to-regexp": {
          "version": "http://registry.npm.taobao.org/path-to-regexp/download/path-to-regexp-1.7.0.tgz?cache=0&other_urls=http%3A%2F%2Fregistry.npm.taobao.org%2Fpath-to-regexp%2Fdownload%2Fpath-to-regexp-1.7.0.tgz"
        },
        "urijs": {
          "version": "http://registry.npm.taobao.org/urijs/download/urijs-1.19.1.tgz"
        }
      }
    },
    "koa-static": {
      "version": "3.0.0",
      "resolved": "http://registry.npm.taobao.org/koa-static/download/koa-static-3.0.0.tgz",
      "requires": {
        "debug": "*"
      },
      "dependencies": {
        "debug": {
          "version": "http://registry.npm.taobao.org/debug/download/debug-4.1.1.tgz?cache=0&other_urls=http%3A%2F%2Fregistry.npm.taobao.org%2Fdebug%2Fdownload%2Fdebug-4.1.1.tgz"
        },
        "koa-send": {
          "version": "http://registry.npm.taobao.org/koa-send/download/koa-send-3.3.0.tgz",
          "dependencies": {
            "co": {
              "version": "http://registry.npm.taobao.org/co/download/co-4.6.0.tgz"
            },
            "debug": {
              "version": "http://registry.npm.taobao.org/debug/download/debug-2.6.9.tgz?cache=0&other_urls=http%3A%2F%2Fregistry.npm.taobao.org%2Fdebug%2Fdownload%2Fdebug-2.6.9.tgz",
              "dependencies": {
                "ms": {
                  "version": "http://registry.npm.taobao.org/ms/download/ms-2.0.0.tgz"
                }
              }
            },
            "mz": {
              "version": "http://registry.npm.taobao.org/mz/download/mz-2.7.0.tgz",
              "dependencies": {
                "any-promise": {
                  "version": "http://registry.npm.taobao.org/any-promise/download/any-promise-1.3.0.tgz"
                },
                "object-assign": {
                  "version": "http://registry.npm.taobao.org/object-assign/download/object-assign-4.1.1.tgz"
                },
                "thenify-all": {
                  "version": "http://registry.npm.taobao.org/thenify-all/download/thenify-all-1.6.0.tgz"
                }
              }
            },
            "resolve-path": {
              "version": "http://registry.npm.taobao.org/resolve-path/download/resolve-path-1.4.0.tgz"
            }
          }
        }
      }
    },
    "koa-views": {
      "version": "5.2.1",
      "resolved": "http://registry.npm.taobao.org/koa-views/download/koa-views-5.2.1.tgz",
      "requires": {
        "debug": "^2.1.3"
      },
      "dependencies": {
        "consolidate": {
          "version": "http://registry.npm.taobao.org/consolidate/download/consolidate-0.14.5.tgz",
          "bundled": true
        },
        "debug": {
          "version": "http://registry.npm.taobao.org/debug/download/debug-2.6.9.tgz?cache=0&other_urls=http%3A%2F%2Fregistry.npm.taobao.org%2Fdebug%2Fdownload%2Fdebug-2.6.9.tgz",
          "bundled": true,
          "dependencies": {
            "ms": {
              "version": "http://registry.npm.taobao.org/ms/download/ms-2.0.0.tgz"
            }
          }
        },
        "koa-send": {
          "version": "http://registry.npm.taobao.org/koa-send/download/koa-send-3.3.0.tgz",
          "bundled": true
        },
        "mz": {
          "version": "http://registry.npm.taobao.org/mz/download/mz-2.7.0.tgz",
          "bundled": true,
          "dependencies": {
            "any-promise": {
              "version": "http://registry.npm.taobao.org/any-promise/download/any-promise-1.3.0.tgz"
            },
            "object-assign": {
              "version": "http://registry.npm.taobao.org/object-assign/download/object-assign-4.1.1.tgz"
            },
            "thenify-all": {
              "version": "http://registry.npm.taobao.org/thenify-all/download/thenify-all-1.6.0.tgz"
            }
          }
        }
      }
    },
    "koa2-cors": {
      "version": "2.0.6",
      "resolved": "http://registry.npm.taobao.org/koa2-cors/download/koa2-cors-2.0.6.tgz"
    },
    "mongodb": {
      "version": "3.1.13",
      "resolved": "http://registry.npm.taobao.org/mongodb/download/mongodb-3.1.13.tgz?cache=0&other_urls=http%3A%2F%2Fregistry.npm.taobao.org%2Fmongodb%2Fdownload%2Fmongodb-3.1.13.tgz",
      "dependencies": {
        "mongodb-core": {
          "version": "http://registry.npm.taobao.org/mongodb-core/download/mongodb-core-3.1.11.tgz"
        },
        "safe-buffer": {
          "version": "http://registry.npm.taobao.org/safe-buffer/download/safe-buffer-5.1.2.tgz"
        }
      }
    },
    "mongoose": {
      "version": "5.4.20",
      "resolved": "http://registry.npm.taobao.org/mongoose/download/mongoose-5.4.20.tgz",
      "requires": {
        "mongodb": "3.1.13"
      },
      "dependencies": {
        "async": {
          "version": "http://registry.npm.taobao.org/async/download/async-2.6.1.tgz"
        },
        "bson": {
          "version": "http://registry.npm.taobao.org/bson/download/bson-1.1.1.tgz"
        },
        "kareem": {
          "version": "http://registry.npm.taobao.org/kareem/download/kareem-2.3.0.tgz"
        },
        "mongodb": {
          "version": "http://registry.npm.taobao.org/mongodb/download/mongodb-3.1.13.tgz?cache=0&other_urls=http%3A%2F%2Fregistry.npm.taobao.org%2Fmongodb%2Fdownload%2Fmongodb-3.1.13.tgz"
        },
        "mongodb-core": {
          "version": "http://registry.npm.taobao.org/mongodb-core/download/mongodb-core-3.1.11.tgz",
          "dependencies": {
            "bson": {
              "version": "http://registry.npm.taobao.org/bson/download/bson-1.1.1.tgz"
            },
            "require_optional": {
              "version": "http://registry.npm.taobao.org/require_optional/download/require_optional-1.0.1.tgz"
            },
            "safe-buffer": {
              "version": "http://registry.npm.taobao.org/safe-buffer/download/safe-buffer-5.1.2.tgz"
            },
            "saslprep": {
              "version": "http://registry.npm.taobao.org/saslprep/download/saslprep-1.0.2.tgz",
              "dependencies": {
                "sparse-bitfield": {
                  "version": "http://registry.npm.taobao.org/sparse-bitfield/download/sparse-bitfield-3.0.3.tgz"
                }
              }
            }
          }
        },
        "mongoose-legacy-pluralize": {
          "version": "http://registry.npm.taobao.org/mongoose-legacy-pluralize/download/mongoose-legacy-pluralize-1.0.2.tgz"
        },
        "mpath": {
          "version": "http://registry.npm.taobao.org/mpath/download/mpath-0.5.1.tgz"
        },
        "mquery": {
          "version": "http://registry.npm.taobao.org/mquery/download/mquery-3.2.0.tgz"
        },
        "ms": {
          "version": "http://registry.npm.taobao.org/ms/download/ms-2.1.1.tgz"
        },
        "regexp-clone": {
          "version": "http://registry.npm.taobao.org/regexp-clone/download/regexp-clone-0.0.1.tgz"
        },
        "safe-buffer": {
          "version": "http://registry.npm.taobao.org/safe-buffer/download/safe-buffer-5.1.2.tgz"
        },
        "sliced": {
          "version": "http://registry.npm.taobao.org/sliced/download/sliced-1.0.1.tgz"
        }
      }
    },
    "multer": {
      "version": "1.4.1",
      "resolved": "http://registry.npm.taobao.org/multer/download/multer-1.4.1.tgz",
      "dependencies": {
        "append-field": {
          "version": "http://registry.npm.taobao.org/append-field/download/append-field-1.0.0.tgz",
          "bundled": true
        },
        "busboy": {
          "version": "http://registry.npm.taobao.org/busboy/download/busboy-0.2.14.tgz",
          "bundled": true,
          "dependencies": {
            "dicer": {
              "version": "http://registry.npm.taobao.org/dicer/download/dicer-0.2.5.tgz"
            },
            "readable-stream": {
              "version": "http://registry.npm.taobao.org/readable-stream/download/readable-stream-1.1.14.tgz",
              "dependencies": {
                "core-util-is": {
                  "version": "http://registry.npm.taobao.org/core-util-is/download/core-util-is-1.0.2.tgz"
                },
                "inherits": {
                  "version": "http://registry.npm.taobao.org/inherits/download/inherits-2.0.3.tgz"
                },
                "isarray": {
                  "version": "http://registry.npm.taobao.org/isarray/download/isarray-0.0.1.tgz"
                },
                "string_decoder": {
                  "version": "http://registry.npm.taobao.org/string_decoder/download/string_decoder-0.10.31.tgz"
                }
              }
            }
          }
        },
        "concat-stream": {
          "version": "http://registry.npm.taobao.org/concat-stream/download/concat-stream-1.6.2.tgz",
          "bundled": true
        },
        "mkdirp": {
          "version": "http://registry.npm.taobao.org/mkdirp/download/mkdirp-0.5.1.tgz",
          "bundled": true
        },
        "object-assign": {
          "version": "http://registry.npm.taobao.org/object-assign/download/object-assign-4.1.1.tgz",
          "bundled": true
        },
        "on-finished": {
          "version": "http://registry.npm.taobao.org/on-finished/download/on-finished-2.3.0.tgz",
          "bundled": true,
          "dependencies": {
            "ee-first": {
              "version": "http://registry.npm.taobao.org/ee-first/download/ee-first-1.1.1.tgz"
            }
          }
        },
        "type-is": {
          "version": "http://registry.npm.taobao.org/type-is/download/type-is-1.6.16.tgz",
          "bundled": true
        },
        "xtend": {
          "version": "http://registry.npm.taobao.org/xtend/download/xtend-4.0.1.tgz",
          "bundled": true
        }
      }
    },
    "nodemailer": {
      "version": "6.0.0",
      "resolved": "http://registry.npm.taobao.org/nodemailer/download/nodemailer-6.0.0.tgz"
    },
    "nodemon": {
      "version": "1.18.10",
      "resolved": "http://registry.npm.taobao.org/nodemon/download/nodemon-1.18.10.tgz",
      "dev": true,
      "dependencies": {
        "chokidar": {
          "version": "http://registry.npm.taobao.org/chokidar/download/chokidar-2.1.5.tgz",
          "bundled": true,
          "dependencies": {
            "anymatch": {
              "version": "http://registry.npm.taobao.org/anymatch/download/anymatch-2.0.0.tgz"
            },
            "async-each": {
              "version": "http://registry.npm.taobao.org/async-each/download/async-each-1.0.2.tgz"
            },
            "braces": {
              "version": "http://registry.npm.taobao.org/braces/download/braces-2.3.2.tgz",
              "dependencies": {
                "arr-flatten": {
                  "version": "http://registry.npm.taobao.org/arr-flatten/download/arr-flatten-1.1.0.tgz"
                },
                "array-unique": {
                  "version": "http://registry.npm.taobao.org/array-unique/download/array-unique-0.3.2.tgz"
                },
                "extend-shallow": {
                  "version": "http://registry.npm.taobao.org/extend-shallow/download/extend-shallow-2.0.1.tgz",
                  "dependencies": {
                    "is-extendable": {
                      "version": "http://registry.npm.taobao.org/is-extendable/download/is-extendable-0.1.1.tgz"
                    }
                  }
                },
                "fill-range": {
                  "version": "http://registry.npm.taobao.org/fill-range/download/fill-range-4.0.0.tgz"
                },
                "isobject": {
                  "version": "http://registry.npm.taobao.org/isobject/download/isobject-3.0.1.tgz"
                },
                "repeat-element": {
                  "version": "http://registry.npm.taobao.org/repeat-element/download/repeat-element-1.1.3.tgz"
                },
                "snapdragon": {
                  "version": "http://registry.npm.taobao.org/snapdragon/download/snapdragon-0.8.2.tgz"
                },
                "snapdragon-node": {
                  "version": "http://registry.npm.taobao.org/snapdragon-node/download/snapdragon-node-2.1.1.tgz"
                },
                "split-string": {
                  "version": "http://registry.npm.taobao.org/split-string/download/split-string-3.1.0.tgz",
                  "dependencies": {
                    "extend-shallow": {
                      "version": "http://registry.npm.taobao.org/extend-shallow/download/extend-shallow-3.0.2.tgz"
                    }
                  }
                },
                "to-regex": {
                  "version": "http://registry.npm.taobao.org/to-regex/download/to-regex-3.0.2.tgz"
                }
              }
            },
            "glob-parent": {
              "version": "http://registry.npm.taobao.org/glob-parent/download/glob-parent-3.1.0.tgz"
            },
            "inherits": {
              "version": "http://registry.npm.taobao.org/inherits/download/inherits-2.0.3.tgz"
            },
            "is-binary-path": {
              "version": "http://registry.npm.taobao.org/is-binary-path/download/is-binary-path-1.0.1.tgz"
            },
            "is-glob": {
              "version": "http://registry.npm.taobao.org/is-glob/download/is-glob-4.0.1.tgz"
            },
            "normalize-path": {
              "version": "http://registry.npm.taobao.org/normalize-path/download/normalize-path-3.0.0.tgz"
            },
            "path-is-absolute": {
              "version": "http://registry.npm.taobao.org/path-is-absolute/download/path-is-absolute-1.0.1.tgz"
            },
            "readdirp": {
              "version": "http://registry.npm.taobao.org/readdirp/download/readdirp-2.2.1.tgz"
            },
            "upath": {
              "version": "http://registry.npm.taobao.org/upath/download/upath-1.1.2.tgz"
            }
          }
        },
        "debug": {
          "version": "http://registry.npm.taobao.org/debug/download/debug-3.2.6.tgz?cache=0&other_urls=http%3A%2F%2Fregistry.npm.taobao.org%2Fdebug%2Fdownload%2Fdebug-3.2.6.tgz",
          "bundled": true
        },
        "ignore-by-default": {
          "version": "http://registry.npm.taobao.org/ignore-by-default/download/ignore-by-default-1.0.1.tgz",
          "bundled": true
        },
        "minimatch": {
          "version": "http://registry.npm.taobao.org/minimatch/download/minimatch-3.0.4.tgz",
          "bundled": true
        },
        "pstree.remy": {
          "version": "http://registry.npm.taobao.org/pstree.remy/download/pstree.remy-1.1.6.tgz",
          "bundled": true
        },
        "semver": {
          "version": "http://registry.npm.taobao.org/semver/download/semver-5.7.0.tgz",
          "bundled": true
        },
        "supports-color": {
          "version": "http://registry.npm.taobao.org/supports-color/download/supports-color-5.5.0.tgz",
          "bundled": true
        },
        "touch": {
          "version": "http://registry.npm.taobao.org/touch/download/touch-3.1.0.tgz",
          "bundled": true
        },
        "undefsafe": {
          "version": "http://registry.npm.taobao.org/undefsafe/download/undefsafe-2.0.2.tgz",
          "bundled": true
        },
        "update-notifier": {
          "version": "http://registry.npm.taobao.org/update-notifier/download/update-notifier-2.5.0.tgz",
          "bundled": true
        }
      }
    },
    "pug": {
      "version": "2.0.3",
      "resolved": "http://registry.npm.taobao.org/pug/download/pug-2.0.3.tgz",
      "dependencies": {
        "pug-code-gen": {
          "version": "http://registry.npm.taobao.org/pug-code-gen/download/pug-code-gen-2.0.1.tgz",
          "bundled": true
        },
        "pug-filters": {
          "version": "http://registry.npm.taobao.org/pug-filters/download/pug-filters-3.1.0.tgz",
          "bundled": true
        },
        "pug-lexer": {
          "version": "http://registry.npm.taobao.org/pug-lexer/download/pug-lexer-4.0.0.tgz",
          "bundled": true
        },
        "pug-linker": {
          "version": "http://registry.npm.taobao.org/pug-linker/download/pug-linker-3.0.5.tgz",
          "bundled": true
        },
        "pug-load": {
          "version": "http://registry.npm.taobao.org/pug-load/download/pug-load-2.0.11.tgz",
          "bundled": true
        },
        "pug-parser": {
          "version": "http://registry.npm.taobao.org/pug-parser/download/pug-parser-5.0.0.tgz",
          "bundled": true
        },
        "pug-runtime": {
          "version": "http://registry.npm.taobao.org/pug-runtime/download/pug-runtime-2.0.4.tgz",
          "bundled": true
        },
        "pug-strip-comments": {
          "version": "http://registry.npm.taobao.org/pug-strip-comments/download/pug-strip-comments-1.0.3.tgz",
          "bundled": true
        }
      }
    },
    "sha1": {
      "version": "1.1.1",
      "resolved": "http://registry.npm.taobao.org/sha1/download/sha1-1.1.1.tgz",
      "dependencies": {
        "charenc": {
          "version": "http://registry.npm.taobao.org/charenc/download/charenc-0.0.2.tgz",
          "bundled": true
        },
        "crypt": {
          "version": "http://registry.npm.taobao.org/crypt/download/crypt-0.0.2.tgz",
          "bundled": true
        }
      }
    },
    "which": {
      "version": "1.3.1",
      "resolved": "http://registry.npm.taobao.org/which/download/which-1.3.1.tgz",
      "dependencies": {
        "isexe": {
          "version": "http://registry.npm.taobao.org/isexe/download/isexe-2.0.0.tgz",
          "bundled": true
        }
      }
    }
  }
}
